
Microsoft Visual Studio Solution File, Format Version 12.00
# Visual Studio Version 17
VisualStudioVersion = 17.7.34031.279
MinimumVisualStudioVersion = 10.0.40219.1
Project("{FAE04EC0-301F-11D3-BF4B-00C04F79EFBC}") = "SimplexMethodApp", "SimplexMethodApp\SimplexMethodApp.csproj", "{AFD6C7CC-263A-4DC1-8B54-02C9FF86D543}"
EndProject
Global
	GlobalSection(SolutionConfigurationPlatforms) = preSolution
		Debug|Any CPU = Debug|Any CPU
		Release|Any CPU = Release|Any CPU
	EndGlobalSection
	GlobalSection(ProjectConfigurationPlatforms) = postSolution
		{AFD6C7CC-263A-4DC1-8B54-02C9FF86D543}.Debug|Any CPU.ActiveCfg = Debug|Any CPU
		{AFD6C7CC-263A-4DC1-8B54-02C9FF86D543}.Debug|Any CPU.Build.0 = Debug|Any CPU
		{AFD6C7CC-263A-4DC1-8B54-02C9FF86D543}.Release|Any CPU.ActiveCfg = Release|Any CPU
		{AFD6C7CC-263A-4DC1-8B54-02C9FF86D543}.Release|Any CPU.Build.0 = Release|Any CPU
	EndGlobalSection
	GlobalSection(SolutionProperties) = preSolution
		HideSolutionNode = FALSE
	EndGlobalSection
	GlobalSection(ExtensibilityGlobals) = postSolution
		SolutionGuid = {75E5DA98-A986-44E9-AFCD-C2A0824A2137}
	EndGlobalSection
EndGlobal
